
Microsoft Visual Studio Solution File, Format Version 12.00
# Visual Studio 15
VisualStudioVersion = 15.0.28307.421
MinimumVisualStudioVersion = 10.0.40219.1
Project("{8BC9CEB8-8B4A-11D0-8D11-00A0C91BC942}") = "Project4-Strings", "Project4-Strings\Project4-Strings.vcxproj", "{01D1FC2F-8956-4F51-86D8-5D1D23BE747B}"
EndProject
Global
	GlobalSection(SolutionConfigurationPlatforms) = preSolution
		Debug|x64 = Debug|x64
		Debug|x86 = Debug|x86
		Release|x64 = Release|x64
		Release|x86 = Release|x86
	EndGlobalSection
	GlobalSection(ProjectConfigurationPlatforms) = postSolution
		{01D1FC2F-8956-4F51-86D8-5D1D23BE747B}.Debug|x64.ActiveCfg = Debug|x64
		{01D1FC2F-8956-4F51-86D8-5D1D23BE747B}.Debug|x64.Build.0 = Debug|x64
		{01D1FC2F-8956-4F51-86D8-5D1D23BE747B}.Debug|x86.ActiveCfg = Debug|Win32
		{01D1FC2F-8956-4F51-86D8-5D1D23BE747B}.Debug|x86.Build.0 = Debug|Win32
		{01D1FC2F-8956-4F51-86D8-5D1D23BE747B}.Release|x64.ActiveCfg = Release|x64
		{01D1FC2F-8956-4F51-86D8-5D1D23BE747B}.Release|x64.Build.0 = Release|x64
		{01D1FC2F-8956-4F51-86D8-5D1D23BE747B}.Release|x86.ActiveCfg = Release|Win32
		{01D1FC2F-8956-4F51-86D8-5D1D23BE747B}.Release|x86.Build.0 = Release|Win32
	EndGlobalSection
	GlobalSection(SolutionProperties) = preSolution
		HideSolutionNode = FALSE
	EndGlobalSection
	GlobalSection(ExtensibilityGlobals) = postSolution
		SolutionGuid = {5452496E-FC3A-4439-AAD1-BB55EAB43487}
	EndGlobalSection
EndGlobal
